// !$*UTF8*$!
{
	archiveVersion = 1;
	classes = {
	};
	objectVersion = 50;
	objects = {

/* Begin PBXBuildFile section */
		0900F8472546E6280024D071 /* AppDelegate.swift in Sources */ = {isa = PBXBuildFile; fileRef = 0900F8462546E6280024D071 /* AppDelegate.swift */; };
		0900F8492546E6280024D071 /* SceneDelegate.swift in Sources */ = {isa = PBXBuildFile; fileRef = 0900F8482546E6280024D071 /* SceneDelegate.swift */; };
		0900F84B2546E6280024D071 /* ViewController.swift in Sources */ = {isa = PBXBuildFile; fileRef = 0900F84A2546E6280024D071 /* ViewController.swift */; };
		0900F84E2546E6280024D071 /* Main.storyboard in Resources */ = {isa = PBXBuildFile; fileRef = 0900F84C2546E6280024D071 /* Main.storyboard */; };
		0900F8502546E6290024D071 /* Assets.xcassets in Resources */ = {isa = PBXBuildFile; fileRef = 0900F84F2546E6290024D071 /* Assets.xcassets */; };
		0900F8532546E6290024D071 /* LaunchScreen.storyboard in Resources */ = {isa = PBXBuildFile; fileRef = 0900F8512546E6290024D071 /* LaunchScreen.storyboard */; };
		0900F8632546EA900024D071 /* Post.swift in Sources */ = {isa = PBXBuildFile; fileRef = 0900F8622546EA900024D071 /* Post.swift */; };
		0900F8652548248B0024D071 /* PostCell.swift in Sources */ = {isa = PBXBuildFile; fileRef = 0900F8642548248B0024D071 /* PostCell.swift */; };
		0965A2862548343300F3B21F /* AddPostVC.swift in Sources */ = {isa = PBXBuildFile; fileRef = 0965A2852548343300F3B21F /* AddPostVC.swift */; };
		0965A289254ABEE400F3B21F /* DataService.swift in Sources */ = {isa = PBXBuildFile; fileRef = 0965A288254ABEE400F3B21F /* DataService.swift */; };
/* End PBXBuildFile section */

/* Begin PBXFileReference section */
		0900F8432546E6280024D071 /* InstaCook.app */ = {isa = PBXFileReference; explicitFileType = wrapper.application; includeInIndex = 0; path = InstaCook.app; sourceTree = BUILT_PRODUCTS_DIR; };
		0900F8462546E6280024D071 /* AppDelegate.swift */ = {isa = PBXFileReference; lastKnownFileType = sourcecode.swift; path = AppDelegate.swift; sourceTree = "<group>"; };
		0900F8482546E6280024D071 /* SceneDelegate.swift */ = {isa = PBXFileReference; lastKnownFileType = sourcecode.swift; path = SceneDelegate.swift; sourceTree = "<group>"; };
		0900F84A2546E6280024D071 /* ViewController.swift */ = {isa = PBXFileReference; lastKnownFileType = sourcecode.swift; path = ViewController.swift; sourceTree = "<group>"; };
		0900F84D2546E6280024D071 /* Base */ = {isa = PBXFileReference; lastKnownFileType = file.storyboard; name = Base; path = Base.lproj/Main.storyboard; sourceTree = "<group>"; };
		0900F84F2546E6290024D071 /* Assets.xcassets */ = {isa = PBXFileReference; lastKnownFileType = folder.assetcatalog; path = Assets.xcassets; sourceTree = "<group>"; };
		0900F8522546E6290024D071 /* Base */ = {isa = PBXFileReference; lastKnownFileType = file.storyboard; name = Base; path = Base.lproj/LaunchScreen.storyboard; sourceTree = "<group>"; };
		0900F8542546E6290024D071 /* Info.plist */ = {isa = PBXFileReference; lastKnownFileType = text.plist.xml; path = Info.plist; sourceTree = "<group>"; };
		0900F8622546EA900024D071 /* Post.swift */ = {isa = PBXFileReference; lastKnownFileType = sourcecode.swift; path = Post.swift; sourceTree = "<group>"; };
		0900F8642548248B0024D071 /* PostCell.swift */ = {isa = PBXFileReference; lastKnownFileType = sourcecode.swift; name = PostCell.swift; path = InstaCook/PostCell.swift; sourceTree = SOURCE_ROOT; };
		0965A2852548343300F3B21F /* AddPostVC.swift */ = {isa = PBXFileReference; lastKnownFileType = sourcecode.swift; path = AddPostVC.swift; sourceTree = "<group>"; };
		0965A288254ABEE400F3B21F /* DataService.swift */ = {isa = PBXFileReference; lastKnownFileType = sourcecode.swift; path = DataService.swift; sourceTree = "<group>"; };
/* End PBXFileReference section */

/* Begin PBXFrameworksBuildPhase section */
		0900F8402546E6280024D071 /* Frameworks */ = {
			isa = PBXFrameworksBuildPhase;
			buildActionMask = 2147483647;
			files = (
			);
			runOnlyForDeploymentPostprocessing = 0;
		};
/* End PBXFrameworksBuildPhase section */

/* Begin PBXGroup section */
		0900F83A2546E6280024D071 = {
			isa = PBXGroup;
			children = (
				0900F8452546E6280024D071 /* InstaCook */,
				0900F8442546E6280024D071 /* Products */,
			);
			sourceTree = "<group>";
		};
		0900F8442546E6280024D071 /* Products */ = {
			isa = PBXGroup;
			children = (
				0900F8432546E6280024D071 /* InstaCook.app */,
			);
			name = Products;
			sourceTree = "<group>";
		};
		0900F8452546E6280024D071 /* InstaCook */ = {
			isa = PBXGroup;
			children = (
				0965A287254ABEB900F3B21F /* Services */,
				0900F8612546EA800024D071 /* Model */,
				0900F8602546EA760024D071 /* View */,
				0900F85F2546EA670024D071 /* Controller */,
				0900F8462546E6280024D071 /* AppDelegate.swift */,
				0900F8482546E6280024D071 /* SceneDelegate.swift */,
				0900F84F2546E6290024D071 /* Assets.xcassets */,
				0900F8512546E6290024D071 /* LaunchScreen.storyboard */,
				0900F8542546E6290024D071 /* Info.plist */,
			);
			path = InstaCook;
			sourceTree = "<group>";
		};
		0900F85F2546EA670024D071 /* Controller */ = {
			isa = PBXGroup;
			children = (
				0900F84A2546E6280024D071 /* ViewController.swift */,
				0965A2852548343300F3B21F /* AddPostVC.swift */,
			);
			path = Controller;
			sourceTree = "<group>";
		};
		0900F8602546EA760024D071 /* View */ = {
			isa = PBXGroup;
			children = (
				0900F8642548248B0024D071 /* PostCell.swift */,
				0900F84C2546E6280024D071 /* Main.storyboard */,
			);
			path = View;
			sourceTree = "<group>";
		};
		0900F8612546EA800024D071 /* Model */ = {
			isa = PBXGroup;
			children = (
				0900F8622546EA900024D071 /* Post.swift */,
			);
			path = Model;
			sourceTree = "<group>";
		};
		0965A287254ABEB900F3B21F /* Services */ = {
			isa = PBXGroup;
			children = (
				0965A288254ABEE400F3B21F /* DataService.swift */,
			);
			path = Services;
			sourceTree = "<group>";
		};
/* End PBXGroup section */

/* Begin PBXNativeTarget section */
		0900F8422546E6280024D071 /* InstaCook */ = {
			isa = PBXNativeTarget;
			buildConfigurationList = 0900F8572546E6290024D071 /* Build configuration list for PBXNativeTarget "InstaCook" */;
			buildPhases = (
				0900F83F2546E6280024D071 /* Sources */,
				0900F8402546E6280024D071 /* Frameworks */,
				0900F8412546E6280024D071 /* Resources */,
			);
			buildRules = (
			);
			dependencies = (
			);
			name = InstaCook;
			productName = InstaCook;
			productReference = 0900F8432546E6280024D071 /* InstaCook.app */;
			productType = "com.apple.product-type.application";
		};
/* End PBXNativeTarget section */

/* Begin PBXProject section */
		0900F83B2546E6280024D071 /* Project object */ = {
			isa = PBXProject;
			attributes = {
				LastSwiftUpdateCheck = 1170;
				LastUpgradeCheck = 1170;
				ORGANIZATIONNAME = "vagelis spirou";
				TargetAttributes = {
					0900F8422546E6280024D071 = {
						CreatedOnToolsVersion = 11.7;
					};
				};
			};
			buildConfigurationList = 0900F83E2546E6280024D071 /* Build configuration list for PBXProject "InstaCook" */;
			compatibilityVersion = "Xcode 9.3";
			developmentRegion = en;
			hasScannedForEncodings = 0;
			knownRegions = (
				en,
				Base,
			);
			mainGroup = 0900F83A2546E6280024D071;
			productRefGroup = 0900F8442546E6280024D071 /* Products */;
			projectDirPath = "";
			projectRoot = "";
			targets = (
				0900F8422546E6280024D071 /* InstaCook */,
			);
		};
/* End PBXProject section */

/* Begin PBXResourcesBuildPhase section */
		0900F8412546E6280024D071 /* Resources */ = {
			isa = PBXResourcesBuildPhase;
			buildActionMask = 2147483647;
			files = (
				0900F8532546E6290024D071 /* LaunchScreen.storyboard in Resources */,
				0900F8502546E6290024D071 /* Assets.xcassets in Resources */,
				0900F84E2546E6280024D071 /* Main.storyboard in Resources */,
			);
			runOnlyForDeploymentPostprocessing = 0;
		};
/* End PBXResourcesBuildPhase section */

/* Begin PBXSourcesBuildPhase section */
		0900F83F2546E6280024D071 /* Sources */ = {
			isa = PBXSourcesBuildPhase;
			buildActionMask = 2147483647;
			files = (
				0900F84B2546E6280024D071 /* ViewController.swift in Sources */,
				0965A289254ABEE400F3B21F /* DataService.swift in Sources */,
				0900F8472546E6280024D071 /* AppDelegate.swift in Sources */,
				0900F8492546E6280024D071 /* SceneDelegate.swift in Sources */,
				0900F8632546EA900024D071 /* Post.swift in Sources */,
				0965A2862548343300F3B21F /* AddPostVC.swift in Sources */,
				0900F8652548248B0024D071 /* PostCell.swift in Sources */,
			);
			runOnlyForDeploymentPostprocessing = 0;
		};
/* End PBXSourcesBuildPhase section */

/* Begin PBXVariantGroup section */
		0900F84C2546E6280024D071 /* Main.storyboard */ = {
			isa = PBXVariantGroup;
			children = (
				0900F84D2546E6280024D071 /* Base */,
			);
			name = Main.storyboard;
			sourceTree = "<group>";
		};
		0900F8512546E6290024D071 /* LaunchScreen.storyboard */ = {
			isa = PBXVariantGroup;
			children = (
				0900F8522546E6290024D071 /* Base */,
			);
			name = LaunchScreen.storyboard;
			sourceTree = "<group>";
		};
/* End PBXVariantGroup section */

/* Begin XCBuildConfiguration section */
		0900F8552546E6290024D071 /* Debug */ = {
			isa = XCBuildConfiguration;
			buildSettings = {
				ALWAYS_SEARCH_USER_PATHS = NO;
				CLANG_ANALYZER_NONNULL = YES;
				CLANG_ANALYZER_NUMBER_OBJECT_CONVERSION = YES_AGGRESSIVE;
				CLANG_CXX_LANGUAGE_STANDARD = "gnu++14";
				CLANG_CXX_LIBRARY = "libc++";
				CLANG_ENABLE_MODULES = YES;
				CLANG_ENABLE_OBJC_ARC = YES;
				CLANG_ENABLE_OBJC_WEAK = YES;
				CLANG_WARN_BLOCK_CAPTURE_AUTORELEASING = YES;
				CLANG_WARN_BOOL_CONVERSION = YES;
				CLANG_WARN_COMMA = YES;
				CLANG_WARN_CONSTANT_CONVERSION = YES;
				CLANG_WARN_DEPRECATED_OBJC_IMPLEMENTATIONS = YES;
				CLANG_WARN_DIRECT_OBJC_ISA_USAGE = YES_ERROR;
				CLANG_WARN_DOCUMENTATION_COMMENTS = YES;
				CLANG_WARN_EMPTY_BODY = YES;
				CLANG_WARN_ENUM_CONVERSION = YES;
				CLANG_WARN_INFINITE_RECURSION = YES;
				CLANG_WARN_INT_CONVERSION = YES;
				CLANG_WARN_NON_LITERAL_NULL_CONVERSION = YES;
				CLANG_WARN_OBJC_IMPLICIT_RETAIN_SELF = YES;
				CLANG_WARN_OBJC_LITERAL_CONVERSION = YES;
				CLANG_WARN_OBJC_ROOT_CLASS = YES_ERROR;
				CLANG_WARN_RANGE_LOOP_ANALYSIS = YES;
				CLANG_WARN_STRICT_PROTOTYPES = YES;
				CLANG_WARN_SUSPICIOUS_MOVE = YES;
				CLANG_WARN_UNGUARDED_AVAILABILITY = YES_AGGRESSIVE;
				CLANG_WARN_UNREACHABLE_CODE = YES;
				CLANG_WARN__DUPLICATE_METHOD_MATCH = YES;
				COPY_PHASE_STRIP = NO;
				DEBUG_INFORMATION_FORMAT = dwarf;
				ENABLE_STRICT_OBJC_MSGSEND = YES;
				ENABLE_TESTABILITY = YES;
				GCC_C_LANGUAGE_STANDARD = gnu11;
				GCC_DYNAMIC_NO_PIC = NO;
				GCC_NO_COMMON_BLOCKS = YES;
				GCC_OPTIMIZATION_LEVEL = 0;
				GCC_PREPROCESSOR_DEFINITIONS = (
					"DEBUG=1",
					"$(inherited)",
				);
				GCC_WARN_64_TO_32_BIT_CONVERSION = YES;
				GCC_WARN_ABOUT_RETURN_TYPE = YES_ERROR;
				GCC_WARN_UNDECLARED_SELECTOR = YES;
				GCC_WARN_UNINITIALIZED_AUTOS = YES_AGGRESSIVE;
				GCC_WARN_UNUSED_FUNCTION = YES;
				GCC_WARN_UNUSED_VARIABLE = YES;
				IPHONEOS_DEPLOYMENT_TARGET = 13.7;
				MTL_ENABLE_DEBUG_INFO = INCLUDE_SOURCE;
				MTL_FAST_MATH = YES;
				ONLY_ACTIVE_ARCH = YES;
				SDKROOT = iphoneos;
				SWIFT_ACTIVE_COMPILATION_CONDITIONS = DEBUG;
				SWIFT_OPTIMIZATION_LEVEL = "-Onone";
			};
			name = Debug;
		};
		0900F8562546E6290024D071 /* Release */ = {
			isa = XCBuildConfiguration;
			buildSettings = {
				ALWAYS_SEARCH_USER_PATHS = NO;
				CLANG_ANALYZER_NONNULL = YES;
				CLANG_ANALYZER_NUMBER_OBJECT_CONVERSION = YES_AGGRESSIVE;
				CLANG_CXX_LANGUAGE_STANDARD = "gnu++14";
				CLANG_CXX_LIBRARY = "libc++";
				CLANG_ENABLE_MODULES = YES;
				CLANG_ENABLE_OBJC_ARC = YES;
				CLANG_ENABLE_OBJC_WEAK = YES;
				CLANG_WARN_BLOCK_CAPTURE_AUTORELEASING = YES;
				CLANG_WARN_BOOL_CONVERSION = YES;
				CLANG_WARN_COMMA = YES;
				CLANG_WARN_CONSTANT_CONVERSION = YES;
				CLANG_WARN_DEPRECATED_OBJC_IMPLEMENTATIONS = YES;
				CLANG_WARN_DIRECT_OBJC_ISA_USAGE = YES_ERROR;
				CLANG_WARN_DOCUMENTATION_COMMENTS = YES;
				CLANG_WARN_EMPTY_BODY = YES;
				CLANG_WARN_ENUM_CONVERSION = YES;
				CLANG_WARN_INFINITE_RECURSION = YES;
				CLANG_WARN_INT_CONVERSION = YES;
				CLANG_WARN_NON_LITERAL_NULL_CONVERSION = YES;
				CLANG_WARN_OBJC_IMPLICIT_RETAIN_SELF = YES;
				CLANG_WARN_OBJC_LITERAL_CONVERSION = YES;
				CLANG_WARN_OBJC_ROOT_CLASS = YES_ERROR;
				CLANG_WARN_RANGE_LOOP_ANALYSIS = YES;
				CLANG_WARN_STRICT_PROTOTYPES = YES;
				CLANG_WARN_SUSPICIOUS_MOVE = YES;
				CLANG_WARN_UNGUARDED_AVAILABILITY = YES_AGGRESSIVE;
				CLANG_WARN_UNREACHABLE_CODE = YES;
				CLANG_WARN__DUPLICATE_METHOD_MATCH = YES;
				COPY_PHASE_STRIP = NO;
				DEBUG_INFORMATION_FORMAT = "dwarf-with-dsym";
				ENABLE_NS_ASSERTIONS = NO;
				ENABLE_STRICT_OBJC_MSGSEND = YES;
				GCC_C_LANGUAGE_STANDARD = gnu11;
				GCC_NO_COMMON_BLOCKS = YES;
				GCC_WARN_64_TO_32_BIT_CONVERSION = YES;
				GCC_WARN_ABOUT_RETURN_TYPE = YES_ERROR;
				GCC_WARN_UNDECLARED_SELECTOR = YES;
				GCC_WARN_UNINITIALIZED_AUTOS = YES_AGGRESSIVE;
				GCC_WARN_UNUSED_FUNCTION = YES;
				GCC_WARN_UNUSED_VARIABLE = YES;
				IPHONEOS_DEPLOYMENT_TARGET = 13.7;
				MTL_ENABLE_DEBUG_INFO = NO;
				MTL_FAST_MATH = YES;
				SDKROOT = iphoneos;
				SWIFT_COMPILATION_MODE = wholemodule;
				SWIFT_OPTIMIZATION_LEVEL = "-O";
				VALIDATE_PRODUCT = YES;
			};
			name = Release;
		};
		0900F8582546E6290024D071 /* Debug */ = {
			isa = XCBuildConfiguration;
			buildSettings = {
				ASSETCATALOG_COMPILER_APPICON_NAME = AppIcon;
				CODE_SIGN_STYLE = Automatic;
				DEVELOPMENT_TEAM = YUSLD5D7Z6;
				INFOPLIST_FILE = InstaCook/Info.plist;
				LD_RUNPATH_SEARCH_PATHS = (
					"$(inherited)",
					"@executable_path/Frameworks",
				);
				PRODUCT_BUNDLE_IDENTIFIER = com.spvag.InstaCook;
				PRODUCT_NAME = "$(TARGET_NAME)";
				SWIFT_VERSION = 5.0;
				TARGETED_DEVICE_FAMILY = 1;
			};
			name = Debug;
		};
		0900F8592546E6290024D071 /* Release */ = {
			isa = XCBuildConfiguration;
			buildSettings = {
				ASSETCATALOG_COMPILER_APPICON_NAME = AppIcon;
				CODE_SIGN_STYLE = Automatic;
				DEVELOPMENT_TEAM = YUSLD5D7Z6;
				INFOPLIST_FILE = InstaCook/Info.plist;
				LD_RUNPATH_SEARCH_PATHS = (
					"$(inherited)",
					"@executable_path/Frameworks",
				);
				PRODUCT_BUNDLE_IDENTIFIER = com.spvag.InstaCook;
				PRODUCT_NAME = "$(TARGET_NAME)";
				SWIFT_VERSION = 5.0;
				TARGETED_DEVICE_FAMILY = 1;
			};
			name = Release;
		};
/* End XCBuildConfiguration section */

/* Begin XCConfigurationList section */
		0900F83E2546E6280024D071 /* Build configuration list for PBXProject "InstaCook" */ = {
			isa = XCConfigurationList;
			buildConfigurations = (
				0900F8552546E6290024D071 /* Debug */,
				0900F8562546E6290024D071 /* Release */,
			);
			defaultConfigurationIsVisible = 0;
			defaultConfigurationName = Release;
		};
		0900F8572546E6290024D071 /* Build configuration list for PBXNativeTarget "InstaCook" */ = {
			isa = XCConfigurationList;
			buildConfigurations = (
				0900F8582546E6290024D071 /* Debug */,
				0900F8592546E6290024D071 /* Release */,
			);
			defaultConfigurationIsVisible = 0;
			defaultConfigurationName = Release;
		};
/* End XCConfigurationList section */
	};
	rootObject = 0900F83B2546E6280024D071 /* Project object */;
}
